
Microsoft Visual Studio Solution File, Format Version 12.00
# Visual Studio Version 17
VisualStudioVersion = 17.14.35906.104
MinimumVisualStudioVersion = 10.0.40219.1
Project("{FAE04EC0-301F-11D3-BF4B-00C04F79EFBC}") = "Teru.Code.Zimbra", "Teru.Code.Zimbra\Teru.Code.Zimbra.csproj", "{16587413-0378-4FA8-A915-1B4DFF60A2F3}"
EndProject
Project("{FAE04EC0-301F-11D3-BF4B-00C04F79EFBC}") = "Teru.Code.Zimbra.Test", "Teru.Code.Zimbra.Test\Teru.Code.Zimbra.Test.csproj", "{EBC2E1F2-BC08-45E0-BDFA-1166F7C1E997}"
EndProject
Global
	GlobalSection(SolutionConfigurationPlatforms) = preSolution
		Debug|Any CPU = Debug|Any CPU
		Release|Any CPU = Release|Any CPU
	EndGlobalSection
	GlobalSection(ProjectConfigurationPlatforms) = postSolution
		{16587413-0378-4FA8-A915-1B4DFF60A2F3}.Debug|Any CPU.ActiveCfg = Debug|Any CPU
		{16587413-0378-4FA8-A915-1B4DFF60A2F3}.Debug|Any CPU.Build.0 = Debug|Any CPU
		{16587413-0378-4FA8-A915-1B4DFF60A2F3}.Release|Any CPU.ActiveCfg = Release|Any CPU
		{16587413-0378-4FA8-A915-1B4DFF60A2F3}.Release|Any CPU.Build.0 = Release|Any CPU
		{EBC2E1F2-BC08-45E0-BDFA-1166F7C1E997}.Debug|Any CPU.ActiveCfg = Debug|Any CPU
		{EBC2E1F2-BC08-45E0-BDFA-1166F7C1E997}.Debug|Any CPU.Build.0 = Debug|Any CPU
		{EBC2E1F2-BC08-45E0-BDFA-1166F7C1E997}.Release|Any CPU.ActiveCfg = Release|Any CPU
		{EBC2E1F2-BC08-45E0-BDFA-1166F7C1E997}.Release|Any CPU.Build.0 = Release|Any CPU
	EndGlobalSection
	GlobalSection(SolutionProperties) = preSolution
		HideSolutionNode = FALSE
	EndGlobalSection
	GlobalSection(ExtensibilityGlobals) = postSolution
		SolutionGuid = {8E06E845-A642-47E4-A3EF-42BB27B7C634}
	EndGlobalSection
EndGlobal
